// !$*UTF8*$!
{
	archiveVersion = 1;
	classes = {
	};
	objectVersion = 48;
	objects = {

/* Begin PBXBuildFile section */
		5989804F2085DF590083DC6D /* GPUImage.framework in Frameworks */ = {isa = PBXBuildFile; fileRef = 598980462085DF030083DC6D /* GPUImage.framework */; };
		598980522085E03A0083DC6D /* GPUImage.framework in CopyFiles */ = {isa = PBXBuildFile; fileRef = 5989804A2085DF030083DC6D /* GPUImage.framework */; settings = {ATTRIBUTES = (CodeSignOnCopy, RemoveHeadersOnCopy, ); }; };
		59D15154205A209A00E7B2B0 /* AppDelegate.swift in Sources */ = {isa = PBXBuildFile; fileRef = 59D15153205A209A00E7B2B0 /* AppDelegate.swift */; };
		59D15156205A209A00E7B2B0 /* ViewController.swift in Sources */ = {isa = PBXBuildFile; fileRef = 59D15155205A209A00E7B2B0 /* ViewController.swift */; };
		59D15159205A209A00E7B2B0 /* Main.storyboard in Resources */ = {isa = PBXBuildFile; fileRef = 59D15157205A209A00E7B2B0 /* Main.storyboard */; };
		59D1515B205A209A00E7B2B0 /* Assets.xcassets in Resources */ = {isa = PBXBuildFile; fileRef = 59D1515A205A209A00E7B2B0 /* Assets.xcassets */; };
		59D1515E205A209A00E7B2B0 /* LaunchScreen.storyboard in Resources */ = {isa = PBXBuildFile; fileRef = 59D1515C205A209A00E7B2B0 /* LaunchScreen.storyboard */; };
		59D1516A205A61D800E7B2B0 /* libz.tbd in Frameworks */ = {isa = PBXBuildFile; fileRef = 59D15169205A61D800E7B2B0 /* libz.tbd */; };
		59D1516C205A639D00E7B2B0 /* tessdata in Resources */ = {isa = PBXBuildFile; fileRef = 59D1516B205A639C00E7B2B0 /* tessdata */; };
		97FDA40BCFAE817AE03B31F6 /* Pods_TextRecognition.framework in Frameworks */ = {isa = PBXBuildFile; fileRef = 598B827DDC743D0601F309CD /* Pods_TextRecognition.framework */; };
/* End PBXBuildFile section */

/* Begin PBXContainerItemProxy section */
		598980452085DF030083DC6D /* PBXContainerItemProxy */ = {
			isa = PBXContainerItemProxy;
			containerPortal = 5989803E2085DF010083DC6D /* GPUImage.xcodeproj */;
			proxyType = 2;
			remoteGlobalIDString = BC6E7CAB1C39A9D8006DF678;
			remoteInfo = GPUImage_macOS;
		};
		598980472085DF030083DC6D /* PBXContainerItemProxy */ = {
			isa = PBXContainerItemProxy;
			containerPortal = 5989803E2085DF010083DC6D /* GPUImage.xcodeproj */;
			proxyType = 2;
			remoteGlobalIDString = BC6E7CB51C39A9D8006DF678;
			remoteInfo = GPUImageTests_macOS;
		};
		598980492085DF030083DC6D /* PBXContainerItemProxy */ = {
			isa = PBXContainerItemProxy;
			containerPortal = 5989803E2085DF010083DC6D /* GPUImage.xcodeproj */;
			proxyType = 2;
			remoteGlobalIDString = BC9E34E91E524A2200B8604F;
			remoteInfo = GPUImage_iOS;
		};
		5989804B2085DF030083DC6D /* PBXContainerItemProxy */ = {
			isa = PBXContainerItemProxy;
			containerPortal = 5989803E2085DF010083DC6D /* GPUImage.xcodeproj */;
			proxyType = 2;
			remoteGlobalIDString = BC9E34F11E524A2200B8604F;
			remoteInfo = GPUImageTests_iOS;
		};
		598980532085E09F0083DC6D /* PBXContainerItemProxy */ = {
			isa = PBXContainerItemProxy;
			containerPortal = 5989803E2085DF010083DC6D /* GPUImage.xcodeproj */;
			proxyType = 1;
			remoteGlobalIDString = BC9E34E81E524A2200B8604F;
			remoteInfo = GPUImage_iOS;
		};
/* End PBXContainerItemProxy section */

/* Begin PBXCopyFilesBuildPhase section */
		598980502085DF6C0083DC6D /* CopyFiles */ = {
			isa = PBXCopyFilesBuildPhase;
			buildActionMask = 2147483647;
			dstPath = "";
			dstSubfolderSpec = 10;
			files = (
				598980522085E03A0083DC6D /* GPUImage.framework in CopyFiles */,
			);
			runOnlyForDeploymentPostprocessing = 0;
		};
/* End PBXCopyFilesBuildPhase section */

/* Begin PBXFileReference section */
		0F15F74557DF0F11D0D18A40 /* Pods-TextRecognition.release.xcconfig */ = {isa = PBXFileReference; includeInIndex = 1; lastKnownFileType = text.xcconfig; name = "Pods-TextRecognition.release.xcconfig"; path = "Pods/Target Support Files/Pods-TextRecognition/Pods-TextRecognition.release.xcconfig"; sourceTree = "<group>"; };
		5989803E2085DF010083DC6D /* GPUImage.xcodeproj */ = {isa = PBXFileReference; lastKnownFileType = "wrapper.pb-project"; name = GPUImage.xcodeproj; path = "../../Downloads/GPUImage2-master/framework/GPUImage.xcodeproj"; sourceTree = "<group>"; };
		598B827DDC743D0601F309CD /* Pods_TextRecognition.framework */ = {isa = PBXFileReference; explicitFileType = wrapper.framework; includeInIndex = 0; path = Pods_TextRecognition.framework; sourceTree = BUILT_PRODUCTS_DIR; };
		59D15150205A209A00E7B2B0 /* TextRecognition.app */ = {isa = PBXFileReference; explicitFileType = wrapper.application; includeInIndex = 0; path = TextRecognition.app; sourceTree = BUILT_PRODUCTS_DIR; };
		59D15153205A209A00E7B2B0 /* AppDelegate.swift */ = {isa = PBXFileReference; lastKnownFileType = sourcecode.swift; path = AppDelegate.swift; sourceTree = "<group>"; };
		59D15155205A209A00E7B2B0 /* ViewController.swift */ = {isa = PBXFileReference; lastKnownFileType = sourcecode.swift; path = ViewController.swift; sourceTree = "<group>"; };
		59D15158205A209A00E7B2B0 /* Base */ = {isa = PBXFileReference; lastKnownFileType = file.storyboard; name = Base; path = Base.lproj/Main.storyboard; sourceTree = "<group>"; };
		59D1515A205A209A00E7B2B0 /* Assets.xcassets */ = {isa = PBXFileReference; lastKnownFileType = folder.assetcatalog; path = Assets.xcassets; sourceTree = "<group>"; };
		59D1515D205A209A00E7B2B0 /* Base */ = {isa = PBXFileReference; lastKnownFileType = file.storyboard; name = Base; path = Base.lproj/LaunchScreen.storyboard; sourceTree = "<group>"; };
		59D1515F205A209A00E7B2B0 /* Info.plist */ = {isa = PBXFileReference; lastKnownFileType = text.plist.xml; path = Info.plist; sourceTree = "<group>"; };
		59D15169205A61D800E7B2B0 /* libz.tbd */ = {isa = PBXFileReference; lastKnownFileType = "sourcecode.text-based-dylib-definition"; name = libz.tbd; path = usr/lib/libz.tbd; sourceTree = SDKROOT; };
		59D1516B205A639C00E7B2B0 /* tessdata */ = {isa = PBXFileReference; lastKnownFileType = folder; path = tessdata; sourceTree = "<group>"; };
		D63AA44D460AF469E95279A4 /* Pods-TextRecognition.debug.xcconfig */ = {isa = PBXFileReference; includeInIndex = 1; lastKnownFileType = text.xcconfig; name = "Pods-TextRecognition.debug.xcconfig"; path = "Pods/Target Support Files/Pods-TextRecognition/Pods-TextRecognition.debug.xcconfig"; sourceTree = "<group>"; };
/* End PBXFileReference section */

/* Begin PBXFrameworksBuildPhase section */
		59D1514D205A209A00E7B2B0 /* Frameworks */ = {
			isa = PBXFrameworksBuildPhase;
			buildActionMask = 2147483647;
			files = (
				5989804F2085DF590083DC6D /* GPUImage.framework in Frameworks */,
				59D1516A205A61D800E7B2B0 /* libz.tbd in Frameworks */,
				97FDA40BCFAE817AE03B31F6 /* Pods_TextRecognition.framework in Frameworks */,
			);
			runOnlyForDeploymentPostprocessing = 0;
		};
/* End PBXFrameworksBuildPhase section */

/* Begin PBXGroup section */
		5989803F2085DF010083DC6D /* Products */ = {
			isa = PBXGroup;
			children = (
				598980462085DF030083DC6D /* GPUImage.framework */,
				598980482085DF030083DC6D /* GPUImageTests_macOS.xctest */,
				5989804A2085DF030083DC6D /* GPUImage.framework */,
				5989804C2085DF030083DC6D /* GPUImageTests_iOS.xctest */,
			);
			name = Products;
			sourceTree = "<group>";
		};
		59D15147205A209A00E7B2B0 = {
			isa = PBXGroup;
			children = (
				5989803E2085DF010083DC6D /* GPUImage.xcodeproj */,
				59D15152205A209A00E7B2B0 /* TextRecognition */,
				59D15151205A209A00E7B2B0 /* Products */,
				CB5DA98F266655FC0DEFDE8D /* Pods */,
				CB823C13C67CBFAA31596A3C /* Frameworks */,
			);
			sourceTree = "<group>";
		};
		59D15151205A209A00E7B2B0 /* Products */ = {
			isa = PBXGroup;
			children = (
				59D15150205A209A00E7B2B0 /* TextRecognition.app */,
			);
			name = Products;
			sourceTree = "<group>";
		};
		59D15152205A209A00E7B2B0 /* TextRecognition */ = {
			isa = PBXGroup;
			children = (
				59D1516B205A639C00E7B2B0 /* tessdata */,
				59D15153205A209A00E7B2B0 /* AppDelegate.swift */,
				59D15155205A209A00E7B2B0 /* ViewController.swift */,
				59D15157205A209A00E7B2B0 /* Main.storyboard */,
				59D1515A205A209A00E7B2B0 /* Assets.xcassets */,
				59D1515C205A209A00E7B2B0 /* LaunchScreen.storyboard */,
				59D1515F205A209A00E7B2B0 /* Info.plist */,
			);
			path = TextRecognition;
			sourceTree = "<group>";
		};
		CB5DA98F266655FC0DEFDE8D /* Pods */ = {
			isa = PBXGroup;
			children = (
				D63AA44D460AF469E95279A4 /* Pods-TextRecognition.debug.xcconfig */,
				0F15F74557DF0F11D0D18A40 /* Pods-TextRecognition.release.xcconfig */,
			);
			name = Pods;
			sourceTree = "<group>";
		};
		CB823C13C67CBFAA31596A3C /* Frameworks */ = {
			isa = PBXGroup;
			children = (
				59D15169205A61D800E7B2B0 /* libz.tbd */,
				598B827DDC743D0601F309CD /* Pods_TextRecognition.framework */,
			);
			name = Frameworks;
			sourceTree = "<group>";
		};
/* End PBXGroup section */

/* Begin PBXNativeTarget section */
		59D1514F205A209A00E7B2B0 /* TextRecognition */ = {
			isa = PBXNativeTarget;
			buildConfigurationList = 59D15162205A209A00E7B2B0 /* Build configuration list for PBXNativeTarget "TextRecognition" */;
			buildPhases = (
				0ECE49388F230B9610D38ACD /* [CP] Check Pods Manifest.lock */,
				59D1514C205A209A00E7B2B0 /* Sources */,
				59D1514D205A209A00E7B2B0 /* Frameworks */,
				59D1514E205A209A00E7B2B0 /* Resources */,
				DA7428F3881A4F2D8806B7D7 /* [CP] Embed Pods Frameworks */,
				FD1FCB70D5BF9CAB674F1E25 /* [CP] Copy Pods Resources */,
				598980502085DF6C0083DC6D /* CopyFiles */,
			);
			buildRules = (
			);
			dependencies = (
				598980542085E09F0083DC6D /* PBXTargetDependency */,
			);
			name = TextRecognition;
			productName = TextRecognition;
			productReference = 59D15150205A209A00E7B2B0 /* TextRecognition.app */;
			productType = "com.apple.product-type.application";
		};
/* End PBXNativeTarget section */

/* Begin PBXProject section */
		59D15148205A209A00E7B2B0 /* Project object */ = {
			isa = PBXProject;
			attributes = {
				LastSwiftUpdateCheck = 0920;
				LastUpgradeCheck = 0920;
				ORGANIZATIONNAME = asa;
				TargetAttributes = {
					59D1514F205A209A00E7B2B0 = {
						CreatedOnToolsVersion = 9.2;
						ProvisioningStyle = Automatic;
					};
				};
			};
			buildConfigurationList = 59D1514B205A209A00E7B2B0 /* Build configuration list for PBXProject "TextRecognition" */;
			compatibilityVersion = "Xcode 8.0";
			developmentRegion = en;
			hasScannedForEncodings = 0;
			knownRegions = (
				en,
				Base,
			);
			mainGroup = 59D15147205A209A00E7B2B0;
			productRefGroup = 59D15151205A209A00E7B2B0 /* Products */;
			projectDirPath = "";
			projectReferences = (
				{
					ProductGroup = 5989803F2085DF010083DC6D /* Products */;
					ProjectRef = 5989803E2085DF010083DC6D /* GPUImage.xcodeproj */;
				},
			);
			projectRoot = "";
			targets = (
				59D1514F205A209A00E7B2B0 /* TextRecognition */,
			);
		};
/* End PBXProject section */

/* Begin PBXReferenceProxy section */
		598980462085DF030083DC6D /* GPUImage.framework */ = {
			isa = PBXReferenceProxy;
			fileType = wrapper.framework;
			path = GPUImage.framework;
			remoteRef = 598980452085DF030083DC6D /* PBXContainerItemProxy */;
			sourceTree = BUILT_PRODUCTS_DIR;
		};
		598980482085DF030083DC6D /* GPUImageTests_macOS.xctest */ = {
			isa = PBXReferenceProxy;
			fileType = wrapper.cfbundle;
			path = GPUImageTests_macOS.xctest;
			remoteRef = 598980472085DF030083DC6D /* PBXContainerItemProxy */;
			sourceTree = BUILT_PRODUCTS_DIR;
		};
		5989804A2085DF030083DC6D /* GPUImage.framework */ = {
			isa = PBXReferenceProxy;
			fileType = wrapper.framework;
			path = GPUImage.framework;
			remoteRef = 598980492085DF030083DC6D /* PBXContainerItemProxy */;
			sourceTree = BUILT_PRODUCTS_DIR;
		};
		5989804C2085DF030083DC6D /* GPUImageTests_iOS.xctest */ = {
			isa = PBXReferenceProxy;
			fileType = wrapper.cfbundle;
			path = GPUImageTests_iOS.xctest;
			remoteRef = 5989804B2085DF030083DC6D /* PBXContainerItemProxy */;
			sourceTree = BUILT_PRODUCTS_DIR;
		};
/* End PBXReferenceProxy section */

/* Begin PBXResourcesBuildPhase section */
		59D1514E205A209A00E7B2B0 /* Resources */ = {
			isa = PBXResourcesBuildPhase;
			buildActionMask = 2147483647;
			files = (
				59D1515E205A209A00E7B2B0 /* LaunchScreen.storyboard in Resources */,
				59D1516C205A639D00E7B2B0 /* tessdata in Resources */,
				59D1515B205A209A00E7B2B0 /* Assets.xcassets in Resources */,
				59D15159205A209A00E7B2B0 /* Main.storyboard in Resources */,
			);
			runOnlyForDeploymentPostprocessing = 0;
		};
/* End PBXResourcesBuildPhase section */

/* Begin PBXShellScriptBuildPhase section */
		0ECE49388F230B9610D38ACD /* [CP] Check Pods Manifest.lock */ = {
			isa = PBXShellScriptBuildPhase;
			buildActionMask = 2147483647;
			files = (
			);
			inputPaths = (
				"${PODS_PODFILE_DIR_PATH}/Podfile.lock",
				"${PODS_ROOT}/Manifest.lock",
			);
			name = "[CP] Check Pods Manifest.lock";
			outputPaths = (
				"$(DERIVED_FILE_DIR)/Pods-TextRecognition-checkManifestLockResult.txt",
			);
			runOnlyForDeploymentPostprocessing = 0;
			shellPath = /bin/sh;
			shellScript = "diff \"${PODS_PODFILE_DIR_PATH}/Podfile.lock\" \"${PODS_ROOT}/Manifest.lock\" > /dev/null\nif [ $? != 0 ] ; then\n    # print error to STDERR\n    echo \"error: The sandbox is not in sync with the Podfile.lock. Run 'pod install' or update your CocoaPods installation.\" >&2\n    exit 1\nfi\n# This output is used by Xcode 'outputs' to avoid re-running this script phase.\necho \"SUCCESS\" > \"${SCRIPT_OUTPUT_FILE_0}\"\n";
			showEnvVarsInLog = 0;
		};
		DA7428F3881A4F2D8806B7D7 /* [CP] Embed Pods Frameworks */ = {
			isa = PBXShellScriptBuildPhase;
			buildActionMask = 2147483647;
			files = (
			);
			inputPaths = (
				"${SRCROOT}/Pods/Target Support Files/Pods-TextRecognition/Pods-TextRecognition-frameworks.sh",
				"${BUILT_PRODUCTS_DIR}/CropViewController/CropViewController.framework",
				"${BUILT_PRODUCTS_DIR}/GPUImage/GPUImage.framework",
				"${BUILT_PRODUCTS_DIR}/TesseractOCRiOS/TesseractOCR.framework",
			);
			name = "[CP] Embed Pods Frameworks";
			outputPaths = (
				"${TARGET_BUILD_DIR}/${FRAMEWORKS_FOLDER_PATH}/CropViewController.framework",
				"${TARGET_BUILD_DIR}/${FRAMEWORKS_FOLDER_PATH}/GPUImage.framework",
				"${TARGET_BUILD_DIR}/${FRAMEWORKS_FOLDER_PATH}/TesseractOCR.framework",
			);
			runOnlyForDeploymentPostprocessing = 0;
			shellPath = /bin/sh;
			shellScript = "\"${SRCROOT}/Pods/Target Support Files/Pods-TextRecognition/Pods-TextRecognition-frameworks.sh\"\n";
			showEnvVarsInLog = 0;
		};
		FD1FCB70D5BF9CAB674F1E25 /* [CP] Copy Pods Resources */ = {
			isa = PBXShellScriptBuildPhase;
			buildActionMask = 2147483647;
			files = (
			);
			inputPaths = (
			);
			name = "[CP] Copy Pods Resources";
			outputPaths = (
			);
			runOnlyForDeploymentPostprocessing = 0;
			shellPath = /bin/sh;
			shellScript = "\"${SRCROOT}/Pods/Target Support Files/Pods-TextRecognition/Pods-TextRecognition-resources.sh\"\n";
			showEnvVarsInLog = 0;
		};
/* End PBXShellScriptBuildPhase section */

/* Begin PBXSourcesBuildPhase section */
		59D1514C205A209A00E7B2B0 /* Sources */ = {
			isa = PBXSourcesBuildPhase;
			buildActionMask = 2147483647;
			files = (
				59D15156205A209A00E7B2B0 /* ViewController.swift in Sources */,
				59D15154205A209A00E7B2B0 /* AppDelegate.swift in Sources */,
			);
			runOnlyForDeploymentPostprocessing = 0;
		};
/* End PBXSourcesBuildPhase section */

/* Begin PBXTargetDependency section */
		598980542085E09F0083DC6D /* PBXTargetDependency */ = {
			isa = PBXTargetDependency;
			name = GPUImage_iOS;
			targetProxy = 598980532085E09F0083DC6D /* PBXContainerItemProxy */;
		};
/* End PBXTargetDependency section */

/* Begin PBXVariantGroup section */
		59D15157205A209A00E7B2B0 /* Main.storyboard */ = {
			isa = PBXVariantGroup;
			children = (
				59D15158205A209A00E7B2B0 /* Base */,
			);
			name = Main.storyboard;
			sourceTree = "<group>";
		};
		59D1515C205A209A00E7B2B0 /* LaunchScreen.storyboard */ = {
			isa = PBXVariantGroup;
			children = (
				59D1515D205A209A00E7B2B0 /* Base */,
			);
			name = LaunchScreen.storyboard;
			sourceTree = "<group>";
		};
/* End PBXVariantGroup section */

/* Begin XCBuildConfiguration section */
		59D15160205A209A00E7B2B0 /* Debug */ = {
			isa = XCBuildConfiguration;
			buildSettings = {
				ALWAYS_SEARCH_USER_PATHS = NO;
				CLANG_ANALYZER_NONNULL = YES;
				CLANG_ANALYZER_NUMBER_OBJECT_CONVERSION = YES_AGGRESSIVE;
				CLANG_CXX_LANGUAGE_STANDARD = "gnu++14";
				CLANG_CXX_LIBRARY = "libc++";
				CLANG_ENABLE_MODULES = YES;
				CLANG_ENABLE_OBJC_ARC = YES;
				CLANG_WARN_BLOCK_CAPTURE_AUTORELEASING = YES;
				CLANG_WARN_BOOL_CONVERSION = YES;
				CLANG_WARN_COMMA = YES;
				CLANG_WARN_CONSTANT_CONVERSION = YES;
				CLANG_WARN_DIRECT_OBJC_ISA_USAGE = YES_ERROR;
				CLANG_WARN_DOCUMENTATION_COMMENTS = YES;
				CLANG_WARN_EMPTY_BODY = YES;
				CLANG_WARN_ENUM_CONVERSION = YES;
				CLANG_WARN_INFINITE_RECURSION = YES;
				CLANG_WARN_INT_CONVERSION = YES;
				CLANG_WARN_NON_LITERAL_NULL_CONVERSION = YES;
				CLANG_WARN_OBJC_LITERAL_CONVERSION = YES;
				CLANG_WARN_OBJC_ROOT_CLASS = YES_ERROR;
				CLANG_WARN_RANGE_LOOP_ANALYSIS = YES;
				CLANG_WARN_STRICT_PROTOTYPES = YES;
				CLANG_WARN_SUSPICIOUS_MOVE = YES;
				CLANG_WARN_UNGUARDED_AVAILABILITY = YES_AGGRESSIVE;
				CLANG_WARN_UNREACHABLE_CODE = YES;
				CLANG_WARN__DUPLICATE_METHOD_MATCH = YES;
				CODE_SIGN_IDENTITY = "iPhone Developer";
				COPY_PHASE_STRIP = NO;
				DEBUG_INFORMATION_FORMAT = dwarf;
				ENABLE_BITCODE = NO;
				ENABLE_STRICT_OBJC_MSGSEND = YES;
				ENABLE_TESTABILITY = YES;
				GCC_C_LANGUAGE_STANDARD = gnu11;
				GCC_DYNAMIC_NO_PIC = NO;
				GCC_NO_COMMON_BLOCKS = YES;
				GCC_OPTIMIZATION_LEVEL = 0;
				GCC_PREPROCESSOR_DEFINITIONS = (
					"DEBUG=1",
					"$(inherited)",
				);
				GCC_WARN_64_TO_32_BIT_CONVERSION = YES;
				GCC_WARN_ABOUT_RETURN_TYPE = YES_ERROR;
				GCC_WARN_UNDECLARED_SELECTOR = YES;
				GCC_WARN_UNINITIALIZED_AUTOS = YES_AGGRESSIVE;
				GCC_WARN_UNUSED_FUNCTION = YES;
				GCC_WARN_UNUSED_VARIABLE = YES;
				IPHONEOS_DEPLOYMENT_TARGET = 11.2;
				MTL_ENABLE_DEBUG_INFO = YES;
				ONLY_ACTIVE_ARCH = YES;
				SDKROOT = iphoneos;
				SWIFT_ACTIVE_COMPILATION_CONDITIONS = DEBUG;
				SWIFT_OPTIMIZATION_LEVEL = "-Onone";
			};
			name = Debug;
		};
		59D15161205A209A00E7B2B0 /* Release */ = {
			isa = XCBuildConfiguration;
			buildSettings = {
				ALWAYS_SEARCH_USER_PATHS = NO;
				CLANG_ANALYZER_NONNULL = YES;
				CLANG_ANALYZER_NUMBER_OBJECT_CONVERSION = YES_AGGRESSIVE;
				CLANG_CXX_LANGUAGE_STANDARD = "gnu++14";
				CLANG_CXX_LIBRARY = "libc++";
				CLANG_ENABLE_MODULES = YES;
				CLANG_ENABLE_OBJC_ARC = YES;
				CLANG_WARN_BLOCK_CAPTURE_AUTORELEASING = YES;
				CLANG_WARN_BOOL_CONVERSION = YES;
				CLANG_WARN_COMMA = YES;
				CLANG_WARN_CONSTANT_CONVERSION = YES;
				CLANG_WARN_DIRECT_OBJC_ISA_USAGE = YES_ERROR;
				CLANG_WARN_DOCUMENTATION_COMMENTS = YES;
				CLANG_WARN_EMPTY_BODY = YES;
				CLANG_WARN_ENUM_CONVERSION = YES;
				CLANG_WARN_INFINITE_RECURSION = YES;
				CLANG_WARN_INT_CONVERSION = YES;
				CLANG_WARN_NON_LITERAL_NULL_CONVERSION = YES;
				CLANG_WARN_OBJC_LITERAL_CONVERSION = YES;
				CLANG_WARN_OBJC_ROOT_CLASS = YES_ERROR;
				CLANG_WARN_RANGE_LOOP_ANALYSIS = YES;
				CLANG_WARN_STRICT_PROTOTYPES = YES;
				CLANG_WARN_SUSPICIOUS_MOVE = YES;
				CLANG_WARN_UNGUARDED_AVAILABILITY = YES_AGGRESSIVE;
				CLANG_WARN_UNREACHABLE_CODE = YES;
				CLANG_WARN__DUPLICATE_METHOD_MATCH = YES;
				CODE_SIGN_IDENTITY = "iPhone Developer";
				COPY_PHASE_STRIP = NO;
				DEBUG_INFORMATION_FORMAT = "dwarf-with-dsym";
				ENABLE_BITCODE = NO;
				ENABLE_NS_ASSERTIONS = NO;
				ENABLE_STRICT_OBJC_MSGSEND = YES;
				GCC_C_LANGUAGE_STANDARD = gnu11;
				GCC_NO_COMMON_BLOCKS = YES;
				GCC_WARN_64_TO_32_BIT_CONVERSION = YES;
				GCC_WARN_ABOUT_RETURN_TYPE = YES_ERROR;
				GCC_WARN_UNDECLARED_SELECTOR = YES;
				GCC_WARN_UNINITIALIZED_AUTOS = YES_AGGRESSIVE;
				GCC_WARN_UNUSED_FUNCTION = YES;
				GCC_WARN_UNUSED_VARIABLE = YES;
				IPHONEOS_DEPLOYMENT_TARGET = 11.2;
				MTL_ENABLE_DEBUG_INFO = NO;
				SDKROOT = iphoneos;
				SWIFT_OPTIMIZATION_LEVEL = "-Owholemodule";
				VALIDATE_PRODUCT = YES;
			};
			name = Release;
		};
		59D15163205A209A00E7B2B0 /* Debug */ = {
			isa = XCBuildConfiguration;
			baseConfigurationReference = D63AA44D460AF469E95279A4 /* Pods-TextRecognition.debug.xcconfig */;
			buildSettings = {
				ASSETCATALOG_COMPILER_APPICON_NAME = AppIcon;
				CODE_SIGN_STYLE = Automatic;
				ENABLE_BITCODE = NO;
				INFOPLIST_FILE = TextRecognition/Info.plist;
				LD_RUNPATH_SEARCH_PATHS = "$(inherited) @executable_path/Frameworks";
				PRODUCT_BUNDLE_IDENTIFIER = asa.TextRecognition;
				PRODUCT_NAME = "$(TARGET_NAME)";
				SWIFT_VERSION = 3.0;
				TARGETED_DEVICE_FAMILY = "1,2";
			};
			name = Debug;
		};
		59D15164205A209A00E7B2B0 /* Release */ = {
			isa = XCBuildConfiguration;
			baseConfigurationReference = 0F15F74557DF0F11D0D18A40 /* Pods-TextRecognition.release.xcconfig */;
			buildSettings = {
				ASSETCATALOG_COMPILER_APPICON_NAME = AppIcon;
				CODE_SIGN_STYLE = Automatic;
				ENABLE_BITCODE = NO;
				INFOPLIST_FILE = TextRecognition/Info.plist;
				LD_RUNPATH_SEARCH_PATHS = "$(inherited) @executable_path/Frameworks";
				PRODUCT_BUNDLE_IDENTIFIER = asa.TextRecognition;
				PRODUCT_NAME = "$(TARGET_NAME)";
				SWIFT_VERSION = 3.0;
				TARGETED_DEVICE_FAMILY = "1,2";
			};
			name = Release;
		};
/* End XCBuildConfiguration section */

/* Begin XCConfigurationList section */
		59D1514B205A209A00E7B2B0 /* Build configuration list for PBXProject "TextRecognition" */ = {
			isa = XCConfigurationList;
			buildConfigurations = (
				59D15160205A209A00E7B2B0 /* Debug */,
				59D15161205A209A00E7B2B0 /* Release */,
			);
			defaultConfigurationIsVisible = 0;
			defaultConfigurationName = Release;
		};
		59D15162205A209A00E7B2B0 /* Build configuration list for PBXNativeTarget "TextRecognition" */ = {
			isa = XCConfigurationList;
			buildConfigurations = (
				59D15163205A209A00E7B2B0 /* Debug */,
				59D15164205A209A00E7B2B0 /* Release */,
			);
			defaultConfigurationIsVisible = 0;
			defaultConfigurationName = Release;
		};
/* End XCConfigurationList section */
	};
	rootObject = 59D15148205A209A00E7B2B0 /* Project object */;
}
